// !$*UTF8*$!
{
	archiveVersion = 1;
	classes = {
	};
	objectVersion = 50;
	objects = {

/* Begin PBXBuildFile section */
		28CBE0090E7E503BF7251C8F /* Pods_Lab1.framework in Frameworks */ = {isa = PBXBuildFile; fileRef = 5BB3E9798C873710A374B76E /* Pods_Lab1.framework */; };
		3F356A5F2145BC08003FDD31 /* PhotoDetailsViewController.swift in Sources */ = {isa = PBXBuildFile; fileRef = 3F356A5E2145BC08003FDD31 /* PhotoDetailsViewController.swift */; };
		3FCC7E4F214044DA001219BA /* AppDelegate.swift in Sources */ = {isa = PBXBuildFile; fileRef = 3FCC7E4E214044DA001219BA /* AppDelegate.swift */; };
		3FCC7E54214044DA001219BA /* Main.storyboard in Resources */ = {isa = PBXBuildFile; fileRef = 3FCC7E52214044DA001219BA /* Main.storyboard */; };
		3FCC7E56214044DD001219BA /* Assets.xcassets in Resources */ = {isa = PBXBuildFile; fileRef = 3FCC7E55214044DD001219BA /* Assets.xcassets */; };
		3FCC7E59214044DD001219BA /* LaunchScreen.storyboard in Resources */ = {isa = PBXBuildFile; fileRef = 3FCC7E57214044DD001219BA /* LaunchScreen.storyboard */; };
		3FCC7E64214044DD001219BA /* Lab1Tests.swift in Sources */ = {isa = PBXBuildFile; fileRef = 3FCC7E63214044DD001219BA /* Lab1Tests.swift */; };
		3FCC7E6F214044DD001219BA /* Lab1UITests.swift in Sources */ = {isa = PBXBuildFile; fileRef = 3FCC7E6E214044DD001219BA /* Lab1UITests.swift */; };
		3FF95E48214048CB00D8D857 /* PhotosViewController.swift in Sources */ = {isa = PBXBuildFile; fileRef = 3FF95E47214048CB00D8D857 /* PhotosViewController.swift */; };
		3FF95E4C2140C4E200D8D857 /* PhotoCell.swift in Sources */ = {isa = PBXBuildFile; fileRef = 3FF95E4B2140C4E200D8D857 /* PhotoCell.swift */; };
		43F86F404746480814BF81C7 /* Pods_Lab1UITests.framework in Frameworks */ = {isa = PBXBuildFile; fileRef = AEC78339ECE95116384CAEAC /* Pods_Lab1UITests.framework */; };
		4EA1ABA2C4046603634D2B53 /* Pods_Lab1Tests.framework in Frameworks */ = {isa = PBXBuildFile; fileRef = 514F25E47F3448D1D0F6F9D1 /* Pods_Lab1Tests.framework */; };
/* End PBXBuildFile section */

/* Begin PBXContainerItemProxy section */
		3FCC7E60214044DD001219BA /* PBXContainerItemProxy */ = {
			isa = PBXContainerItemProxy;
			containerPortal = 3FCC7E43214044DA001219BA /* Project object */;
			proxyType = 1;
			remoteGlobalIDString = 3FCC7E4A214044DA001219BA;
			remoteInfo = Lab1;
		};
		3FCC7E6B214044DD001219BA /* PBXContainerItemProxy */ = {
			isa = PBXContainerItemProxy;
			containerPortal = 3FCC7E43214044DA001219BA /* Project object */;
			proxyType = 1;
			remoteGlobalIDString = 3FCC7E4A214044DA001219BA;
			remoteInfo = Lab1;
		};
/* End PBXContainerItemProxy section */

/* Begin PBXFileReference section */
		2E629012BBFFCEBC5043FD10 /* Pods-Lab1Tests.release.xcconfig */ = {isa = PBXFileReference; includeInIndex = 1; lastKnownFileType = text.xcconfig; name = "Pods-Lab1Tests.release.xcconfig"; path = "Pods/Target Support Files/Pods-Lab1Tests/Pods-Lab1Tests.release.xcconfig"; sourceTree = "<group>"; };
		3F356A5E2145BC08003FDD31 /* PhotoDetailsViewController.swift */ = {isa = PBXFileReference; lastKnownFileType = sourcecode.swift; path = PhotoDetailsViewController.swift; sourceTree = "<group>"; };
		3FCC7E4B214044DA001219BA /* Lab1.app */ = {isa = PBXFileReference; explicitFileType = wrapper.application; includeInIndex = 0; path = Lab1.app; sourceTree = BUILT_PRODUCTS_DIR; };
		3FCC7E4E214044DA001219BA /* AppDelegate.swift */ = {isa = PBXFileReference; lastKnownFileType = sourcecode.swift; path = AppDelegate.swift; sourceTree = "<group>"; };
		3FCC7E53214044DA001219BA /* Base */ = {isa = PBXFileReference; lastKnownFileType = file.storyboard; name = Base; path = Base.lproj/Main.storyboard; sourceTree = "<group>"; };
		3FCC7E55214044DD001219BA /* Assets.xcassets */ = {isa = PBXFileReference; lastKnownFileType = folder.assetcatalog; path = Assets.xcassets; sourceTree = "<group>"; };
		3FCC7E58214044DD001219BA /* Base */ = {isa = PBXFileReference; lastKnownFileType = file.storyboard; name = Base; path = Base.lproj/LaunchScreen.storyboard; sourceTree = "<group>"; };
		3FCC7E5A214044DD001219BA /* Info.plist */ = {isa = PBXFileReference; lastKnownFileType = text.plist.xml; path = Info.plist; sourceTree = "<group>"; };
		3FCC7E5F214044DD001219BA /* Lab1Tests.xctest */ = {isa = PBXFileReference; explicitFileType = wrapper.cfbundle; includeInIndex = 0; path = Lab1Tests.xctest; sourceTree = BUILT_PRODUCTS_DIR; };
		3FCC7E63214044DD001219BA /* Lab1Tests.swift */ = {isa = PBXFileReference; lastKnownFileType = sourcecode.swift; path = Lab1Tests.swift; sourceTree = "<group>"; };
		3FCC7E65214044DD001219BA /* Info.plist */ = {isa = PBXFileReference; lastKnownFileType = text.plist.xml; path = Info.plist; sourceTree = "<group>"; };
		3FCC7E6A214044DD001219BA /* Lab1UITests.xctest */ = {isa = PBXFileReference; explicitFileType = wrapper.cfbundle; includeInIndex = 0; path = Lab1UITests.xctest; sourceTree = BUILT_PRODUCTS_DIR; };
		3FCC7E6E214044DD001219BA /* Lab1UITests.swift */ = {isa = PBXFileReference; lastKnownFileType = sourcecode.swift; path = Lab1UITests.swift; sourceTree = "<group>"; };
		3FCC7E70214044DD001219BA /* Info.plist */ = {isa = PBXFileReference; lastKnownFileType = text.plist.xml; path = Info.plist; sourceTree = "<group>"; };
		3FF95E47214048CB00D8D857 /* PhotosViewController.swift */ = {isa = PBXFileReference; lastKnownFileType = sourcecode.swift; path = PhotosViewController.swift; sourceTree = "<group>"; };
		3FF95E4B2140C4E200D8D857 /* PhotoCell.swift */ = {isa = PBXFileReference; lastKnownFileType = sourcecode.swift; path = PhotoCell.swift; sourceTree = "<group>"; };
		514F25E47F3448D1D0F6F9D1 /* Pods_Lab1Tests.framework */ = {isa = PBXFileReference; explicitFileType = wrapper.framework; includeInIndex = 0; path = Pods_Lab1Tests.framework; sourceTree = BUILT_PRODUCTS_DIR; };
		5BB3E9798C873710A374B76E /* Pods_Lab1.framework */ = {isa = PBXFileReference; explicitFileType = wrapper.framework; includeInIndex = 0; path = Pods_Lab1.framework; sourceTree = BUILT_PRODUCTS_DIR; };
		8862D3ECF8D02555C6B04653 /* Pods-Lab1UITests.debug.xcconfig */ = {isa = PBXFileReference; includeInIndex = 1; lastKnownFileType = text.xcconfig; name = "Pods-Lab1UITests.debug.xcconfig"; path = "Pods/Target Support Files/Pods-Lab1UITests/Pods-Lab1UITests.debug.xcconfig"; sourceTree = "<group>"; };
		AC3BB3D6D67B7409B884200E /* Pods-Lab1.debug.xcconfig */ = {isa = PBXFileReference; includeInIndex = 1; lastKnownFileType = text.xcconfig; name = "Pods-Lab1.debug.xcconfig"; path = "Pods/Target Support Files/Pods-Lab1/Pods-Lab1.debug.xcconfig"; sourceTree = "<group>"; };
		AC7AF61857E30E30071EE6AB /* Pods-Lab1UITests.release.xcconfig */ = {isa = PBXFileReference; includeInIndex = 1; lastKnownFileType = text.xcconfig; name = "Pods-Lab1UITests.release.xcconfig"; path = "Pods/Target Support Files/Pods-Lab1UITests/Pods-Lab1UITests.release.xcconfig"; sourceTree = "<group>"; };
		AEC78339ECE95116384CAEAC /* Pods_Lab1UITests.framework */ = {isa = PBXFileReference; explicitFileType = wrapper.framework; includeInIndex = 0; path = Pods_Lab1UITests.framework; sourceTree = BUILT_PRODUCTS_DIR; };
		C7E24251337A62EA14A8D862 /* Pods-Lab1Tests.debug.xcconfig */ = {isa = PBXFileReference; includeInIndex = 1; lastKnownFileType = text.xcconfig; name = "Pods-Lab1Tests.debug.xcconfig"; path = "Pods/Target Support Files/Pods-Lab1Tests/Pods-Lab1Tests.debug.xcconfig"; sourceTree = "<group>"; };
		EC0CD9FEE6EF1EB9E8E212A5 /* Pods-Lab1.release.xcconfig */ = {isa = PBXFileReference; includeInIndex = 1; lastKnownFileType = text.xcconfig; name = "Pods-Lab1.release.xcconfig"; path = "Pods/Target Support Files/Pods-Lab1/Pods-Lab1.release.xcconfig"; sourceTree = "<group>"; };
/* End PBXFileReference section */

/* Begin PBXFrameworksBuildPhase section */
		3FCC7E48214044DA001219BA /* Frameworks */ = {
			isa = PBXFrameworksBuildPhase;
			buildActionMask = 2147483647;
			files = (
				28CBE0090E7E503BF7251C8F /* Pods_Lab1.framework in Frameworks */,
			);
			runOnlyForDeploymentPostprocessing = 0;
		};
		3FCC7E5C214044DD001219BA /* Frameworks */ = {
			isa = PBXFrameworksBuildPhase;
			buildActionMask = 2147483647;
			files = (
				4EA1ABA2C4046603634D2B53 /* Pods_Lab1Tests.framework in Frameworks */,
			);
			runOnlyForDeploymentPostprocessing = 0;
		};
		3FCC7E67214044DD001219BA /* Frameworks */ = {
			isa = PBXFrameworksBuildPhase;
			buildActionMask = 2147483647;
			files = (
				43F86F404746480814BF81C7 /* Pods_Lab1UITests.framework in Frameworks */,
			);
			runOnlyForDeploymentPostprocessing = 0;
		};
/* End PBXFrameworksBuildPhase section */

/* Begin PBXGroup section */
		3FCC7E42214044DA001219BA = {
			isa = PBXGroup;
			children = (
				3FCC7E4D214044DA001219BA /* Lab1 */,
				3FCC7E62214044DD001219BA /* Lab1Tests */,
				3FCC7E6D214044DD001219BA /* Lab1UITests */,
				3FCC7E4C214044DA001219BA /* Products */,
				674022B74BE9FABDDC928DB3 /* Pods */,
				FEC01424429D841BB5C798F4 /* Frameworks */,
			);
			sourceTree = "<group>";
		};
		3FCC7E4C214044DA001219BA /* Products */ = {
			isa = PBXGroup;
			children = (
				3FCC7E4B214044DA001219BA /* Lab1.app */,
				3FCC7E5F214044DD001219BA /* Lab1Tests.xctest */,
				3FCC7E6A214044DD001219BA /* Lab1UITests.xctest */,
			);
			name = Products;
			sourceTree = "<group>";
		};
		3FCC7E4D214044DA001219BA /* Lab1 */ = {
			isa = PBXGroup;
			children = (
				3FCC7E4E214044DA001219BA /* AppDelegate.swift */,
				3FF95E47214048CB00D8D857 /* PhotosViewController.swift */,
				3FCC7E52214044DA001219BA /* Main.storyboard */,
				3F356A5E2145BC08003FDD31 /* PhotoDetailsViewController.swift */,
				3FCC7E55214044DD001219BA /* Assets.xcassets */,
				3FCC7E57214044DD001219BA /* LaunchScreen.storyboard */,
				3FF95E4B2140C4E200D8D857 /* PhotoCell.swift */,
				3FCC7E5A214044DD001219BA /* Info.plist */,
			);
			path = Lab1;
			sourceTree = "<group>";
		};
		3FCC7E62214044DD001219BA /* Lab1Tests */ = {
			isa = PBXGroup;
			children = (
				3FCC7E63214044DD001219BA /* Lab1Tests.swift */,
				3FCC7E65214044DD001219BA /* Info.plist */,
			);
			path = Lab1Tests;
			sourceTree = "<group>";
		};
		3FCC7E6D214044DD001219BA /* Lab1UITests */ = {
			isa = PBXGroup;
			children = (
				3FCC7E6E214044DD001219BA /* Lab1UITests.swift */,
				3FCC7E70214044DD001219BA /* Info.plist */,
			);
			path = Lab1UITests;
			sourceTree = "<group>";
		};
		674022B74BE9FABDDC928DB3 /* Pods */ = {
			isa = PBXGroup;
			children = (
				AC3BB3D6D67B7409B884200E /* Pods-Lab1.debug.xcconfig */,
				EC0CD9FEE6EF1EB9E8E212A5 /* Pods-Lab1.release.xcconfig */,
				C7E24251337A62EA14A8D862 /* Pods-Lab1Tests.debug.xcconfig */,
				2E629012BBFFCEBC5043FD10 /* Pods-Lab1Tests.release.xcconfig */,
				8862D3ECF8D02555C6B04653 /* Pods-Lab1UITests.debug.xcconfig */,
				AC7AF61857E30E30071EE6AB /* Pods-Lab1UITests.release.xcconfig */,
			);
			name = Pods;
			sourceTree = "<group>";
		};
		FEC01424429D841BB5C798F4 /* Frameworks */ = {
			isa = PBXGroup;
			children = (
				5BB3E9798C873710A374B76E /* Pods_Lab1.framework */,
				514F25E47F3448D1D0F6F9D1 /* Pods_Lab1Tests.framework */,
				AEC78339ECE95116384CAEAC /* Pods_Lab1UITests.framework */,
			);
			name = Frameworks;
			sourceTree = "<group>";
		};
/* End PBXGroup section */

/* Begin PBXNativeTarget section */
		3FCC7E4A214044DA001219BA /* Lab1 */ = {
			isa = PBXNativeTarget;
			buildConfigurationList = 3FCC7E73214044DD001219BA /* Build configuration list for PBXNativeTarget "Lab1" */;
			buildPhases = (
				8783834D06D4E4990A7E0CB0 /* [CP] Check Pods Manifest.lock */,
				3FCC7E47214044DA001219BA /* Sources */,
				3FCC7E48214044DA001219BA /* Frameworks */,
				3FCC7E49214044DA001219BA /* Resources */,
				E5E9331B480CC8E94E240293 /* [CP] Embed Pods Frameworks */,
			);
			buildRules = (
			);
			dependencies = (
			);
			name = Lab1;
			productName = Lab1;
			productReference = 3FCC7E4B214044DA001219BA /* Lab1.app */;
			productType = "com.apple.product-type.application";
		};
		3FCC7E5E214044DD001219BA /* Lab1Tests */ = {
			isa = PBXNativeTarget;
			buildConfigurationList = 3FCC7E76214044DD001219BA /* Build configuration list for PBXNativeTarget "Lab1Tests" */;
			buildPhases = (
				1C82B9C665C370176A5D1F70 /* [CP] Check Pods Manifest.lock */,
				3FCC7E5B214044DD001219BA /* Sources */,
				3FCC7E5C214044DD001219BA /* Frameworks */,
				3FCC7E5D214044DD001219BA /* Resources */,
			);
			buildRules = (
			);
			dependencies = (
				3FCC7E61214044DD001219BA /* PBXTargetDependency */,
			);
			name = Lab1Tests;
			productName = Lab1Tests;
			productReference = 3FCC7E5F214044DD001219BA /* Lab1Tests.xctest */;
			productType = "com.apple.product-type.bundle.unit-test";
		};
		3FCC7E69214044DD001219BA /* Lab1UITests */ = {
			isa = PBXNativeTarget;
			buildConfigurationList = 3FCC7E79214044DD001219BA /* Build configuration list for PBXNativeTarget "Lab1UITests" */;
			buildPhases = (
				4299718CA97F68256E46D629 /* [CP] Check Pods Manifest.lock */,
				3FCC7E66214044DD001219BA /* Sources */,
				3FCC7E67214044DD001219BA /* Frameworks */,
				3FCC7E68214044DD001219BA /* Resources */,
			);
			buildRules = (
			);
			dependencies = (
				3FCC7E6C214044DD001219BA /* PBXTargetDependency */,
			);
			name = Lab1UITests;
			productName = Lab1UITests;
			productReference = 3FCC7E6A214044DD001219BA /* Lab1UITests.xctest */;
			productType = "com.apple.product-type.bundle.ui-testing";
		};
/* End PBXNativeTarget section */

/* Begin PBXProject section */
		3FCC7E43214044DA001219BA /* Project object */ = {
			isa = PBXProject;
			attributes = {
				LastSwiftUpdateCheck = 0940;
				LastUpgradeCheck = 0940;
				ORGANIZATIONNAME = student;
				TargetAttributes = {
					3FCC7E4A214044DA001219BA = {
						CreatedOnToolsVersion = 9.4.1;
					};
					3FCC7E5E214044DD001219BA = {
						CreatedOnToolsVersion = 9.4.1;
						TestTargetID = 3FCC7E4A214044DA001219BA;
					};
					3FCC7E69214044DD001219BA = {
						CreatedOnToolsVersion = 9.4.1;
						TestTargetID = 3FCC7E4A214044DA001219BA;
					};
				};
			};
			buildConfigurationList = 3FCC7E46214044DA001219BA /* Build configuration list for PBXProject "Lab1" */;
			compatibilityVersion = "Xcode 9.3";
			developmentRegion = en;
			hasScannedForEncodings = 0;
			knownRegions = (
				en,
				Base,
			);
			mainGroup = 3FCC7E42214044DA001219BA;
			productRefGroup = 3FCC7E4C214044DA001219BA /* Products */;
			projectDirPath = "";
			projectRoot = "";
			targets = (
				3FCC7E4A214044DA001219BA /* Lab1 */,
				3FCC7E5E214044DD001219BA /* Lab1Tests */,
				3FCC7E69214044DD001219BA /* Lab1UITests */,
			);
		};
/* End PBXProject section */

/* Begin PBXResourcesBuildPhase section */
		3FCC7E49214044DA001219BA /* Resources */ = {
			isa = PBXResourcesBuildPhase;
			buildActionMask = 2147483647;
			files = (
				3FCC7E59214044DD001219BA /* LaunchScreen.storyboard in Resources */,
				3FCC7E56214044DD001219BA /* Assets.xcassets in Resources */,
				3FCC7E54214044DA001219BA /* Main.storyboard in Resources */,
			);
			runOnlyForDeploymentPostprocessing = 0;
		};
		3FCC7E5D214044DD001219BA /* Resources */ = {
			isa = PBXResourcesBuildPhase;
			buildActionMask = 2147483647;
			files = (
			);
			runOnlyForDeploymentPostprocessing = 0;
		};
		3FCC7E68214044DD001219BA /* Resources */ = {
			isa = PBXResourcesBuildPhase;
			buildActionMask = 2147483647;
			files = (
			);
			runOnlyForDeploymentPostprocessing = 0;
		};
/* End PBXResourcesBuildPhase section */

/* Begin PBXShellScriptBuildPhase section */
		1C82B9C665C370176A5D1F70 /* [CP] Check Pods Manifest.lock */ = {
			isa = PBXShellScriptBuildPhase;
			buildActionMask = 2147483647;
			files = (
			);
			inputPaths = (
				"${PODS_PODFILE_DIR_PATH}/Podfile.lock",
				"${PODS_ROOT}/Manifest.lock",
			);
			name = "[CP] Check Pods Manifest.lock";
			outputPaths = (
				"$(DERIVED_FILE_DIR)/Pods-Lab1Tests-checkManifestLockResult.txt",
			);
			runOnlyForDeploymentPostprocessing = 0;
			shellPath = /bin/sh;
			shellScript = "diff \"${PODS_PODFILE_DIR_PATH}/Podfile.lock\" \"${PODS_ROOT}/Manifest.lock\" > /dev/null\nif [ $? != 0 ] ; then\n    # print error to STDERR\n    echo \"error: The sandbox is not in sync with the Podfile.lock. Run 'pod install' or update your CocoaPods installation.\" >&2\n    exit 1\nfi\n# This output is used by Xcode 'outputs' to avoid re-running this script phase.\necho \"SUCCESS\" > \"${SCRIPT_OUTPUT_FILE_0}\"\n";
			showEnvVarsInLog = 0;
		};
		4299718CA97F68256E46D629 /* [CP] Check Pods Manifest.lock */ = {
			isa = PBXShellScriptBuildPhase;
			buildActionMask = 2147483647;
			files = (
			);
			inputPaths = (
				"${PODS_PODFILE_DIR_PATH}/Podfile.lock",
				"${PODS_ROOT}/Manifest.lock",
			);
			name = "[CP] Check Pods Manifest.lock";
			outputPaths = (
				"$(DERIVED_FILE_DIR)/Pods-Lab1UITests-checkManifestLockResult.txt",
			);
			runOnlyForDeploymentPostprocessing = 0;
			shellPath = /bin/sh;
			shellScript = "diff \"${PODS_PODFILE_DIR_PATH}/Podfile.lock\" \"${PODS_ROOT}/Manifest.lock\" > /dev/null\nif [ $? != 0 ] ; then\n    # print error to STDERR\n    echo \"error: The sandbox is not in sync with the Podfile.lock. Run 'pod install' or update your CocoaPods installation.\" >&2\n    exit 1\nfi\n# This output is used by Xcode 'outputs' to avoid re-running this script phase.\necho \"SUCCESS\" > \"${SCRIPT_OUTPUT_FILE_0}\"\n";
			showEnvVarsInLog = 0;
		};
		8783834D06D4E4990A7E0CB0 /* [CP] Check Pods Manifest.lock */ = {
			isa = PBXShellScriptBuildPhase;
			buildActionMask = 2147483647;
			files = (
			);
			inputPaths = (
				"${PODS_PODFILE_DIR_PATH}/Podfile.lock",
				"${PODS_ROOT}/Manifest.lock",
			);
			name = "[CP] Check Pods Manifest.lock";
			outputPaths = (
				"$(DERIVED_FILE_DIR)/Pods-Lab1-checkManifestLockResult.txt",
			);
			runOnlyForDeploymentPostprocessing = 0;
			shellPath = /bin/sh;
			shellScript = "diff \"${PODS_PODFILE_DIR_PATH}/Podfile.lock\" \"${PODS_ROOT}/Manifest.lock\" > /dev/null\nif [ $? != 0 ] ; then\n    # print error to STDERR\n    echo \"error: The sandbox is not in sync with the Podfile.lock. Run 'pod install' or update your CocoaPods installation.\" >&2\n    exit 1\nfi\n# This output is used by Xcode 'outputs' to avoid re-running this script phase.\necho \"SUCCESS\" > \"${SCRIPT_OUTPUT_FILE_0}\"\n";
			showEnvVarsInLog = 0;
		};
		E5E9331B480CC8E94E240293 /* [CP] Embed Pods Frameworks */ = {
			isa = PBXShellScriptBuildPhase;
			buildActionMask = 2147483647;
			files = (
			);
			inputPaths = (
				"${SRCROOT}/Pods/Target Support Files/Pods-Lab1/Pods-Lab1-frameworks.sh",
				"${BUILT_PRODUCTS_DIR}/Alamofire/Alamofire.framework",
				"${BUILT_PRODUCTS_DIR}/AlamofireImage/AlamofireImage.framework",
			);
			name = "[CP] Embed Pods Frameworks";
			outputPaths = (
				"${TARGET_BUILD_DIR}/${FRAMEWORKS_FOLDER_PATH}/Alamofire.framework",
				"${TARGET_BUILD_DIR}/${FRAMEWORKS_FOLDER_PATH}/AlamofireImage.framework",
			);
			runOnlyForDeploymentPostprocessing = 0;
			shellPath = /bin/sh;
			shellScript = "\"${SRCROOT}/Pods/Target Support Files/Pods-Lab1/Pods-Lab1-frameworks.sh\"\n";
			showEnvVarsInLog = 0;
		};
/* End PBXShellScriptBuildPhase section */

/* Begin PBXSourcesBuildPhase section */
		3FCC7E47214044DA001219BA /* Sources */ = {
			isa = PBXSourcesBuildPhase;
			buildActionMask = 2147483647;
			files = (
				3F356A5F2145BC08003FDD31 /* PhotoDetailsViewController.swift in Sources */,
				3FCC7E4F214044DA001219BA /* AppDelegate.swift in Sources */,
				3FF95E4C2140C4E200D8D857 /* PhotoCell.swift in Sources */,
				3FF95E48214048CB00D8D857 /* PhotosViewController.swift in Sources */,
			);
			runOnlyForDeploymentPostprocessing = 0;
		};
		3FCC7E5B214044DD001219BA /* Sources */ = {
			isa = PBXSourcesBuildPhase;
			buildActionMask = 2147483647;
			files = (
				3FCC7E64214044DD001219BA /* Lab1Tests.swift in Sources */,
			);
			runOnlyForDeploymentPostprocessing = 0;
		};
		3FCC7E66214044DD001219BA /* Sources */ = {
			isa = PBXSourcesBuildPhase;
			buildActionMask = 2147483647;
			files = (
				3FCC7E6F214044DD001219BA /* Lab1UITests.swift in Sources */,
			);
			runOnlyForDeploymentPostprocessing = 0;
		};
/* End PBXSourcesBuildPhase section */

/* Begin PBXTargetDependency section */
		3FCC7E61214044DD001219BA /* PBXTargetDependency */ = {
			isa = PBXTargetDependency;
			target = 3FCC7E4A214044DA001219BA /* Lab1 */;
			targetProxy = 3FCC7E60214044DD001219BA /* PBXContainerItemProxy */;
		};
		3FCC7E6C214044DD001219BA /* PBXTargetDependency */ = {
			isa = PBXTargetDependency;
			target = 3FCC7E4A214044DA001219BA /* Lab1 */;
			targetProxy = 3FCC7E6B214044DD001219BA /* PBXContainerItemProxy */;
		};
/* End PBXTargetDependency section */

/* Begin PBXVariantGroup section */
		3FCC7E52214044DA001219BA /* Main.storyboard */ = {
			isa = PBXVariantGroup;
			children = (
				3FCC7E53214044DA001219BA /* Base */,
			);
			name = Main.storyboard;
			sourceTree = "<group>";
		};
		3FCC7E57214044DD001219BA /* LaunchScreen.storyboard */ = {
			isa = PBXVariantGroup;
			children = (
				3FCC7E58214044DD001219BA /* Base */,
			);
			name = LaunchScreen.storyboard;
			sourceTree = "<group>";
		};
/* End PBXVariantGroup section */

/* Begin XCBuildConfiguration section */
		3FCC7E71214044DD001219BA /* Debug */ = {
			isa = XCBuildConfiguration;
			buildSettings = {
				ALWAYS_SEARCH_USER_PATHS = NO;
				CLANG_ANALYZER_NONNULL = YES;
				CLANG_ANALYZER_NUMBER_OBJECT_CONVERSION = YES_AGGRESSIVE;
				CLANG_CXX_LANGUAGE_STANDARD = "gnu++14";
				CLANG_CXX_LIBRARY = "libc++";
				CLANG_ENABLE_MODULES = YES;
				CLANG_ENABLE_OBJC_ARC = YES;
				CLANG_ENABLE_OBJC_WEAK = YES;
				CLANG_WARN_BLOCK_CAPTURE_AUTORELEASING = YES;
				CLANG_WARN_BOOL_CONVERSION = YES;
				CLANG_WARN_COMMA = YES;
				CLANG_WARN_CONSTANT_CONVERSION = YES;
				CLANG_WARN_DEPRECATED_OBJC_IMPLEMENTATIONS = YES;
				CLANG_WARN_DIRECT_OBJC_ISA_USAGE = YES_ERROR;
				CLANG_WARN_DOCUMENTATION_COMMENTS = YES;
				CLANG_WARN_EMPTY_BODY = YES;
				CLANG_WARN_ENUM_CONVERSION = YES;
				CLANG_WARN_INFINITE_RECURSION = YES;
				CLANG_WARN_INT_CONVERSION = YES;
				CLANG_WARN_NON_LITERAL_NULL_CONVERSION = YES;
				CLANG_WARN_OBJC_IMPLICIT_RETAIN_SELF = YES;
				CLANG_WARN_OBJC_LITERAL_CONVERSION = YES;
				CLANG_WARN_OBJC_ROOT_CLASS = YES_ERROR;
				CLANG_WARN_RANGE_LOOP_ANALYSIS = YES;
				CLANG_WARN_STRICT_PROTOTYPES = YES;
				CLANG_WARN_SUSPICIOUS_MOVE = YES;
				CLANG_WARN_UNGUARDED_AVAILABILITY = YES_AGGRESSIVE;
				CLANG_WARN_UNREACHABLE_CODE = YES;
				CLANG_WARN__DUPLICATE_METHOD_MATCH = YES;
				CODE_SIGN_IDENTITY = "iPhone Developer";
				COPY_PHASE_STRIP = NO;
				DEBUG_INFORMATION_FORMAT = dwarf;
				ENABLE_STRICT_OBJC_MSGSEND = YES;
				ENABLE_TESTABILITY = YES;
				GCC_C_LANGUAGE_STANDARD = gnu11;
				GCC_DYNAMIC_NO_PIC = NO;
				GCC_NO_COMMON_BLOCKS = YES;
				GCC_OPTIMIZATION_LEVEL = 0;
				GCC_PREPROCESSOR_DEFINITIONS = (
					"DEBUG=1",
					"$(inherited)",
				);
				GCC_WARN_64_TO_32_BIT_CONVERSION = YES;
				GCC_WARN_ABOUT_RETURN_TYPE = YES_ERROR;
				GCC_WARN_UNDECLARED_SELECTOR = YES;
				GCC_WARN_UNINITIALIZED_AUTOS = YES_AGGRESSIVE;
				GCC_WARN_UNUSED_FUNCTION = YES;
				GCC_WARN_UNUSED_VARIABLE = YES;
				IPHONEOS_DEPLOYMENT_TARGET = 11.4;
				MTL_ENABLE_DEBUG_INFO = YES;
				ONLY_ACTIVE_ARCH = YES;
				SDKROOT = iphoneos;
				SWIFT_ACTIVE_COMPILATION_CONDITIONS = DEBUG;
				SWIFT_OPTIMIZATION_LEVEL = "-Onone";
			};
			name = Debug;
		};
		3FCC7E72214044DD001219BA /* Release */ = {
			isa = XCBuildConfiguration;
			buildSettings = {
				ALWAYS_SEARCH_USER_PATHS = NO;
				CLANG_ANALYZER_NONNULL = YES;
				CLANG_ANALYZER_NUMBER_OBJECT_CONVERSION = YES_AGGRESSIVE;
				CLANG_CXX_LANGUAGE_STANDARD = "gnu++14";
				CLANG_CXX_LIBRARY = "libc++";
				CLANG_ENABLE_MODULES = YES;
				CLANG_ENABLE_OBJC_ARC = YES;
				CLANG_ENABLE_OBJC_WEAK = YES;
				CLANG_WARN_BLOCK_CAPTURE_AUTORELEASING = YES;
				CLANG_WARN_BOOL_CONVERSION = YES;
				CLANG_WARN_COMMA = YES;
				CLANG_WARN_CONSTANT_CONVERSION = YES;
				CLANG_WARN_DEPRECATED_OBJC_IMPLEMENTATIONS = YES;
				CLANG_WARN_DIRECT_OBJC_ISA_USAGE = YES_ERROR;
				CLANG_WARN_DOCUMENTATION_COMMENTS = YES;
				CLANG_WARN_EMPTY_BODY = YES;
				CLANG_WARN_ENUM_CONVERSION = YES;
				CLANG_WARN_INFINITE_RECURSION = YES;
				CLANG_WARN_INT_CONVERSION = YES;
				CLANG_WARN_NON_LITERAL_NULL_CONVERSION = YES;
				CLANG_WARN_OBJC_IMPLICIT_RETAIN_SELF = YES;
				CLANG_WARN_OBJC_LITERAL_CONVERSION = YES;
				CLANG_WARN_OBJC_ROOT_CLASS = YES_ERROR;
				CLANG_WARN_RANGE_LOOP_ANALYSIS = YES;
				CLANG_WARN_STRICT_PROTOTYPES = YES;
				CLANG_WARN_SUSPICIOUS_MOVE = YES;
				CLANG_WARN_UNGUARDED_AVAILABILITY = YES_AGGRESSIVE;
				CLANG_WARN_UNREACHABLE_CODE = YES;
				CLANG_WARN__DUPLICATE_METHOD_MATCH = YES;
				CODE_SIGN_IDENTITY = "iPhone Developer";
				COPY_PHASE_STRIP = NO;
				DEBUG_INFORMATION_FORMAT = "dwarf-with-dsym";
				ENABLE_NS_ASSERTIONS = NO;
				ENABLE_STRICT_OBJC_MSGSEND = YES;
				GCC_C_LANGUAGE_STANDARD = gnu11;
				GCC_NO_COMMON_BLOCKS = YES;
				GCC_WARN_64_TO_32_BIT_CONVERSION = YES;
				GCC_WARN_ABOUT_RETURN_TYPE = YES_ERROR;
				GCC_WARN_UNDECLARED_SELECTOR = YES;
				GCC_WARN_UNINITIALIZED_AUTOS = YES_AGGRESSIVE;
				GCC_WARN_UNUSED_FUNCTION = YES;
				GCC_WARN_UNUSED_VARIABLE = YES;
				IPHONEOS_DEPLOYMENT_TARGET = 11.4;
				MTL_ENABLE_DEBUG_INFO = NO;
				SDKROOT = iphoneos;
				SWIFT_COMPILATION_MODE = wholemodule;
				SWIFT_OPTIMIZATION_LEVEL = "-O";
				VALIDATE_PRODUCT = YES;
			};
			name = Release;
		};
		3FCC7E74214044DD001219BA /* Debug */ = {
			isa = XCBuildConfiguration;
			baseConfigurationReference = AC3BB3D6D67B7409B884200E /* Pods-Lab1.debug.xcconfig */;
			buildSettings = {
				ASSETCATALOG_COMPILER_APPICON_NAME = AppIcon;
				CODE_SIGN_STYLE = Automatic;
				INFOPLIST_FILE = Lab1/Info.plist;
				LD_RUNPATH_SEARCH_PATHS = (
					"$(inherited)",
					"@executable_path/Frameworks",
				);
				PRODUCT_BUNDLE_IDENTIFIER = dd.Lab1;
				PRODUCT_NAME = "$(TARGET_NAME)";
				SWIFT_VERSION = 4.0;
				TARGETED_DEVICE_FAMILY = "1,2";
			};
			name = Debug;
		};
		3FCC7E75214044DD001219BA /* Release */ = {
			isa = XCBuildConfiguration;
			baseConfigurationReference = EC0CD9FEE6EF1EB9E8E212A5 /* Pods-Lab1.release.xcconfig */;
			buildSettings = {
				ASSETCATALOG_COMPILER_APPICON_NAME = AppIcon;
				CODE_SIGN_STYLE = Automatic;
				INFOPLIST_FILE = Lab1/Info.plist;
				LD_RUNPATH_SEARCH_PATHS = (
					"$(inherited)",
					"@executable_path/Frameworks",
				);
				PRODUCT_BUNDLE_IDENTIFIER = dd.Lab1;
				PRODUCT_NAME = "$(TARGET_NAME)";
				SWIFT_VERSION = 4.0;
				TARGETED_DEVICE_FAMILY = "1,2";
			};
			name = Release;
		};
		3FCC7E77214044DD001219BA /* Debug */ = {
			isa = XCBuildConfiguration;
			baseConfigurationReference = C7E24251337A62EA14A8D862 /* Pods-Lab1Tests.debug.xcconfig */;
			buildSettings = {
				ALWAYS_EMBED_SWIFT_STANDARD_LIBRARIES = YES;
				BUNDLE_LOADER = "$(TEST_HOST)";
				CODE_SIGN_STYLE = Automatic;
				INFOPLIST_FILE = Lab1Tests/Info.plist;
				LD_RUNPATH_SEARCH_PATHS = (
					"$(inherited)",
					"@executable_path/Frameworks",
					"@loader_path/Frameworks",
				);
				PRODUCT_BUNDLE_IDENTIFIER = dd.Lab1Tests;
				PRODUCT_NAME = "$(TARGET_NAME)";
				SWIFT_VERSION = 4.0;
				TARGETED_DEVICE_FAMILY = "1,2";
				TEST_HOST = "$(BUILT_PRODUCTS_DIR)/Lab1.app/Lab1";
			};
			name = Debug;
		};
		3FCC7E78214044DD001219BA /* Release */ = {
			isa = XCBuildConfiguration;
			baseConfigurationReference = 2E629012BBFFCEBC5043FD10 /* Pods-Lab1Tests.release.xcconfig */;
			buildSettings = {
				ALWAYS_EMBED_SWIFT_STANDARD_LIBRARIES = YES;
				BUNDLE_LOADER = "$(TEST_HOST)";
				CODE_SIGN_STYLE = Automatic;
				INFOPLIST_FILE = Lab1Tests/Info.plist;
				LD_RUNPATH_SEARCH_PATHS = (
					"$(inherited)",
					"@executable_path/Frameworks",
					"@loader_path/Frameworks",
				);
				PRODUCT_BUNDLE_IDENTIFIER = dd.Lab1Tests;
				PRODUCT_NAME = "$(TARGET_NAME)";
				SWIFT_VERSION = 4.0;
				TARGETED_DEVICE_FAMILY = "1,2";
				TEST_HOST = "$(BUILT_PRODUCTS_DIR)/Lab1.app/Lab1";
			};
			name = Release;
		};
		3FCC7E7A214044DD001219BA /* Debug */ = {
			isa = XCBuildConfiguration;
			baseConfigurationReference = 8862D3ECF8D02555C6B04653 /* Pods-Lab1UITests.debug.xcconfig */;
			buildSettings = {
				ALWAYS_EMBED_SWIFT_STANDARD_LIBRARIES = YES;
				CODE_SIGN_STYLE = Automatic;
				INFOPLIST_FILE = Lab1UITests/Info.plist;
				LD_RUNPATH_SEARCH_PATHS = (
					"$(inherited)",
					"@executable_path/Frameworks",
					"@loader_path/Frameworks",
				);
				PRODUCT_BUNDLE_IDENTIFIER = dd.Lab1UITests;
				PRODUCT_NAME = "$(TARGET_NAME)";
				SWIFT_VERSION = 4.0;
				TARGETED_DEVICE_FAMILY = "1,2";
				TEST_TARGET_NAME = Lab1;
			};
			name = Debug;
		};
		3FCC7E7B214044DD001219BA /* Release */ = {
			isa = XCBuildConfiguration;
			baseConfigurationReference = AC7AF61857E30E30071EE6AB /* Pods-Lab1UITests.release.xcconfig */;
			buildSettings = {
				ALWAYS_EMBED_SWIFT_STANDARD_LIBRARIES = YES;
				CODE_SIGN_STYLE = Automatic;
				INFOPLIST_FILE = Lab1UITests/Info.plist;
				LD_RUNPATH_SEARCH_PATHS = (
					"$(inherited)",
					"@executable_path/Frameworks",
					"@loader_path/Frameworks",
				);
				PRODUCT_BUNDLE_IDENTIFIER = dd.Lab1UITests;
				PRODUCT_NAME = "$(TARGET_NAME)";
				SWIFT_VERSION = 4.0;
				TARGETED_DEVICE_FAMILY = "1,2";
				TEST_TARGET_NAME = Lab1;
			};
			name = Release;
		};
/* End XCBuildConfiguration section */

/* Begin XCConfigurationList section */
		3FCC7E46214044DA001219BA /* Build configuration list for PBXProject "Lab1" */ = {
			isa = XCConfigurationList;
			buildConfigurations = (
				3FCC7E71214044DD001219BA /* Debug */,
				3FCC7E72214044DD001219BA /* Release */,
			);
			defaultConfigurationIsVisible = 0;
			defaultConfigurationName = Release;
		};
		3FCC7E73214044DD001219BA /* Build configuration list for PBXNativeTarget "Lab1" */ = {
			isa = XCConfigurationList;
			buildConfigurations = (
				3FCC7E74214044DD001219BA /* Debug */,
				3FCC7E75214044DD001219BA /* Release */,
			);
			defaultConfigurationIsVisible = 0;
			defaultConfigurationName = Release;
		};
		3FCC7E76214044DD001219BA /* Build configuration list for PBXNativeTarget "Lab1Tests" */ = {
			isa = XCConfigurationList;
			buildConfigurations = (
				3FCC7E77214044DD001219BA /* Debug */,
				3FCC7E78214044DD001219BA /* Release */,
			);
			defaultConfigurationIsVisible = 0;
			defaultConfigurationName = Release;
		};
		3FCC7E79214044DD001219BA /* Build configuration list for PBXNativeTarget "Lab1UITests" */ = {
			isa = XCConfigurationList;
			buildConfigurations = (
				3FCC7E7A214044DD001219BA /* Debug */,
				3FCC7E7B214044DD001219BA /* Release */,
			);
			defaultConfigurationIsVisible = 0;
			defaultConfigurationName = Release;
		};
/* End XCConfigurationList section */
	};
	rootObject = 3FCC7E43214044DA001219BA /* Project object */;
}
